// !$*UTF8*$!
{
	archiveVersion = 1;
	classes = {
	};
	objectVersion = 46;
	objects = {

/* Begin PBXBuildFile section */
		326EA0C61AEE2C6800F83AFE /* ServerCommunicationUtil.m in Sources */ = {isa = PBXBuildFile; fileRef = 326EA0C51AEE2C6800F83AFE /* ServerCommunicationUtil.m */; };
		32C7FC491B2F0DDB0047F986 /* AFHTTPRequestOperation.m in Sources */ = {isa = PBXBuildFile; fileRef = 32C99E421AC1B56200409FE8 /* AFHTTPRequestOperation.m */; };
		32C7FC4A1B2F0DDB0047F986 /* UIImageView+AFNetworking.m in Sources */ = {isa = PBXBuildFile; fileRef = 32C99E661AC1B57D00409FE8 /* UIImageView+AFNetworking.m */; };
		32C7FC4B1B2F0DDB0047F986 /* ViewController.m in Sources */ = {isa = PBXBuildFile; fileRef = 32C99E1F1AC1B39100409FE8 /* ViewController.m */; };
		32C7FC4C1B2F0DDB0047F986 /* AFHTTPRequestOperationManager.m in Sources */ = {isa = PBXBuildFile; fileRef = 32C99E441AC1B56200409FE8 /* AFHTTPRequestOperationManager.m */; };
		32C7FC4D1B2F0DDB0047F986 /* UIProgressView+AFNetworking.m in Sources */ = {isa = PBXBuildFile; fileRef = 32C99E691AC1B57D00409FE8 /* UIProgressView+AFNetworking.m */; };
		32C7FC4E1B2F0DDB0047F986 /* AFNetworkReachabilityManager.m in Sources */ = {isa = PBXBuildFile; fileRef = 32C99E491AC1B56200409FE8 /* AFNetworkReachabilityManager.m */; };
		32C7FC4F1B2F0DDB0047F986 /* AFURLResponseSerialization.m in Sources */ = {isa = PBXBuildFile; fileRef = 32C99E511AC1B56200409FE8 /* AFURLResponseSerialization.m */; };
		32C7FC501B2F0DDB0047F986 /* AFURLConnectionOperation.m in Sources */ = {isa = PBXBuildFile; fileRef = 32C99E4D1AC1B56200409FE8 /* AFURLConnectionOperation.m */; };
		32C7FC511B2F0DDB0047F986 /* UIButton+AFNetworking.m in Sources */ = {isa = PBXBuildFile; fileRef = 32C99E641AC1B57D00409FE8 /* UIButton+AFNetworking.m */; };
		32C7FC521B2F0DDB0047F986 /* UIActivityIndicatorView+AFNetworking.m in Sources */ = {isa = PBXBuildFile; fileRef = 32C99E601AC1B57D00409FE8 /* UIActivityIndicatorView+AFNetworking.m */; };
		32C7FC531B2F0DDB0047F986 /* AFSecurityPolicy.m in Sources */ = {isa = PBXBuildFile; fileRef = 32C99E4B1AC1B56200409FE8 /* AFSecurityPolicy.m */; };
		32C7FC541B2F0DDB0047F986 /* UIRefreshControl+AFNetworking.m in Sources */ = {isa = PBXBuildFile; fileRef = 32C99E6B1AC1B57D00409FE8 /* UIRefreshControl+AFNetworking.m */; };
		32C7FC551B2F0DDB0047F986 /* ServerCommunicationUtil.m in Sources */ = {isa = PBXBuildFile; fileRef = 326EA0C51AEE2C6800F83AFE /* ServerCommunicationUtil.m */; };
		32C7FC561B2F0DDB0047F986 /* UIWebView+AFNetworking.m in Sources */ = {isa = PBXBuildFile; fileRef = 32C99E6D1AC1B57D00409FE8 /* UIWebView+AFNetworking.m */; };
		32C7FC571B2F0DDB0047F986 /* AFHTTPSessionManager.m in Sources */ = {isa = PBXBuildFile; fileRef = 32C99E461AC1B56200409FE8 /* AFHTTPSessionManager.m */; };
		32C7FC581B2F0DDB0047F986 /* UIAlertView+AFNetworking.m in Sources */ = {isa = PBXBuildFile; fileRef = 32C99E621AC1B57D00409FE8 /* UIAlertView+AFNetworking.m */; };
		32C7FC591B2F0DDB0047F986 /* AFURLRequestSerialization.m in Sources */ = {isa = PBXBuildFile; fileRef = 32C99E4F1AC1B56200409FE8 /* AFURLRequestSerialization.m */; };
		32C7FC5A1B2F0DDB0047F986 /* AFNetworkActivityIndicatorManager.m in Sources */ = {isa = PBXBuildFile; fileRef = 32C99E5E1AC1B57D00409FE8 /* AFNetworkActivityIndicatorManager.m */; };
		32C7FC5B1B2F0DDB0047F986 /* AFURLSessionManager.m in Sources */ = {isa = PBXBuildFile; fileRef = 32C99E531AC1B56200409FE8 /* AFURLSessionManager.m */; };
		32C7FC5C1B2F0DDB0047F986 /* AppDelegate.m in Sources */ = {isa = PBXBuildFile; fileRef = 32C99E1C1AC1B39100409FE8 /* AppDelegate.m */; };
		32C7FC5D1B2F0DDB0047F986 /* main.m in Sources */ = {isa = PBXBuildFile; fileRef = 32C99E191AC1B39100409FE8 /* main.m */; };
		32C7FC601B2F0DDB0047F986 /* Main.storyboard in Resources */ = {isa = PBXBuildFile; fileRef = 32C99E211AC1B39100409FE8 /* Main.storyboard */; };
		32C7FC611B2F0DDB0047F986 /* LaunchScreen.xib in Resources */ = {isa = PBXBuildFile; fileRef = 32C99E261AC1B39100409FE8 /* LaunchScreen.xib */; };
		32C7FC621B2F0DDB0047F986 /* Images.xcassets in Resources */ = {isa = PBXBuildFile; fileRef = 32C99E241AC1B39100409FE8 /* Images.xcassets */; };
		32C99E1A1AC1B39100409FE8 /* main.m in Sources */ = {isa = PBXBuildFile; fileRef = 32C99E191AC1B39100409FE8 /* main.m */; };
		32C99E1D1AC1B39100409FE8 /* AppDelegate.m in Sources */ = {isa = PBXBuildFile; fileRef = 32C99E1C1AC1B39100409FE8 /* AppDelegate.m */; };
		32C99E201AC1B39100409FE8 /* ViewController.m in Sources */ = {isa = PBXBuildFile; fileRef = 32C99E1F1AC1B39100409FE8 /* ViewController.m */; };
		32C99E231AC1B39100409FE8 /* Main.storyboard in Resources */ = {isa = PBXBuildFile; fileRef = 32C99E211AC1B39100409FE8 /* Main.storyboard */; };
		32C99E251AC1B39100409FE8 /* Images.xcassets in Resources */ = {isa = PBXBuildFile; fileRef = 32C99E241AC1B39100409FE8 /* Images.xcassets */; };
		32C99E281AC1B39100409FE8 /* LaunchScreen.xib in Resources */ = {isa = PBXBuildFile; fileRef = 32C99E261AC1B39100409FE8 /* LaunchScreen.xib */; };
		32C99E341AC1B39100409FE8 /* _G_DataTests.m in Sources */ = {isa = PBXBuildFile; fileRef = 32C99E331AC1B39100409FE8 /* _G_DataTests.m */; };
		32C99E541AC1B56200409FE8 /* AFHTTPRequestOperation.m in Sources */ = {isa = PBXBuildFile; fileRef = 32C99E421AC1B56200409FE8 /* AFHTTPRequestOperation.m */; };
		32C99E551AC1B56200409FE8 /* AFHTTPRequestOperationManager.m in Sources */ = {isa = PBXBuildFile; fileRef = 32C99E441AC1B56200409FE8 /* AFHTTPRequestOperationManager.m */; };
		32C99E561AC1B56200409FE8 /* AFHTTPSessionManager.m in Sources */ = {isa = PBXBuildFile; fileRef = 32C99E461AC1B56200409FE8 /* AFHTTPSessionManager.m */; };
		32C99E571AC1B56200409FE8 /* AFNetworkReachabilityManager.m in Sources */ = {isa = PBXBuildFile; fileRef = 32C99E491AC1B56200409FE8 /* AFNetworkReachabilityManager.m */; };
		32C99E581AC1B56200409FE8 /* AFSecurityPolicy.m in Sources */ = {isa = PBXBuildFile; fileRef = 32C99E4B1AC1B56200409FE8 /* AFSecurityPolicy.m */; };
		32C99E591AC1B56200409FE8 /* AFURLConnectionOperation.m in Sources */ = {isa = PBXBuildFile; fileRef = 32C99E4D1AC1B56200409FE8 /* AFURLConnectionOperation.m */; };
		32C99E5A1AC1B56200409FE8 /* AFURLRequestSerialization.m in Sources */ = {isa = PBXBuildFile; fileRef = 32C99E4F1AC1B56200409FE8 /* AFURLRequestSerialization.m */; };
		32C99E5B1AC1B56200409FE8 /* AFURLResponseSerialization.m in Sources */ = {isa = PBXBuildFile; fileRef = 32C99E511AC1B56200409FE8 /* AFURLResponseSerialization.m */; };
		32C99E5C1AC1B56200409FE8 /* AFURLSessionManager.m in Sources */ = {isa = PBXBuildFile; fileRef = 32C99E531AC1B56200409FE8 /* AFURLSessionManager.m */; };
		32C99E6E1AC1B57D00409FE8 /* AFNetworkActivityIndicatorManager.m in Sources */ = {isa = PBXBuildFile; fileRef = 32C99E5E1AC1B57D00409FE8 /* AFNetworkActivityIndicatorManager.m */; };
		32C99E6F1AC1B57D00409FE8 /* UIActivityIndicatorView+AFNetworking.m in Sources */ = {isa = PBXBuildFile; fileRef = 32C99E601AC1B57D00409FE8 /* UIActivityIndicatorView+AFNetworking.m */; };
		32C99E701AC1B57D00409FE8 /* UIAlertView+AFNetworking.m in Sources */ = {isa = PBXBuildFile; fileRef = 32C99E621AC1B57D00409FE8 /* UIAlertView+AFNetworking.m */; };
		32C99E711AC1B57D00409FE8 /* UIButton+AFNetworking.m in Sources */ = {isa = PBXBuildFile; fileRef = 32C99E641AC1B57D00409FE8 /* UIButton+AFNetworking.m */; };
		32C99E721AC1B57D00409FE8 /* UIImageView+AFNetworking.m in Sources */ = {isa = PBXBuildFile; fileRef = 32C99E661AC1B57D00409FE8 /* UIImageView+AFNetworking.m */; };
		32C99E731AC1B57D00409FE8 /* UIProgressView+AFNetworking.m in Sources */ = {isa = PBXBuildFile; fileRef = 32C99E691AC1B57D00409FE8 /* UIProgressView+AFNetworking.m */; };
		32C99E741AC1B57D00409FE8 /* UIRefreshControl+AFNetworking.m in Sources */ = {isa = PBXBuildFile; fileRef = 32C99E6B1AC1B57D00409FE8 /* UIRefreshControl+AFNetworking.m */; };
		32C99E751AC1B57D00409FE8 /* UIWebView+AFNetworking.m in Sources */ = {isa = PBXBuildFile; fileRef = 32C99E6D1AC1B57D00409FE8 /* UIWebView+AFNetworking.m */; };
		32D39A7F1B301C95009AEE40 /* NotificationCenter.framework in Frameworks */ = {isa = PBXBuildFile; fileRef = 32D39A7E1B301C95009AEE40 /* NotificationCenter.framework */; };
		32D39A851B301C95009AEE40 /* TodayViewController.m in Sources */ = {isa = PBXBuildFile; fileRef = 32D39A841B301C95009AEE40 /* TodayViewController.m */; };
		32D39A871B301C95009AEE40 /* MainInterface.storyboard in Resources */ = {isa = PBXBuildFile; fileRef = 32D39A861B301C95009AEE40 /* MainInterface.storyboard */; };
		32D39A8A1B301C95009AEE40 /* Mtel Usage.appex in Embed App Extensions */ = {isa = PBXBuildFile; fileRef = 32D39A7C1B301C95009AEE40 /* Mtel Usage.appex */; settings = {ATTRIBUTES = (RemoveHeadersOnCopy, ); }; };
		32D39A8F1B30413B009AEE40 /* Images.xcassets in Resources */ = {isa = PBXBuildFile; fileRef = 32C99E241AC1B39100409FE8 /* Images.xcassets */; };
		32D39AA31B304C35009AEE40 /* AFHTTPRequestOperation.m in Sources */ = {isa = PBXBuildFile; fileRef = 32C99E421AC1B56200409FE8 /* AFHTTPRequestOperation.m */; };
		32D39AA41B304C35009AEE40 /* AFHTTPRequestOperationManager.m in Sources */ = {isa = PBXBuildFile; fileRef = 32C99E441AC1B56200409FE8 /* AFHTTPRequestOperationManager.m */; };
		32D39AA51B304C35009AEE40 /* AFHTTPSessionManager.m in Sources */ = {isa = PBXBuildFile; fileRef = 32C99E461AC1B56200409FE8 /* AFHTTPSessionManager.m */; };
		32D39AA61B304C35009AEE40 /* AFNetworkReachabilityManager.m in Sources */ = {isa = PBXBuildFile; fileRef = 32C99E491AC1B56200409FE8 /* AFNetworkReachabilityManager.m */; };
		32D39AA71B304C35009AEE40 /* AFSecurityPolicy.m in Sources */ = {isa = PBXBuildFile; fileRef = 32C99E4B1AC1B56200409FE8 /* AFSecurityPolicy.m */; };
		32D39AA81B304C35009AEE40 /* AFURLConnectionOperation.m in Sources */ = {isa = PBXBuildFile; fileRef = 32C99E4D1AC1B56200409FE8 /* AFURLConnectionOperation.m */; };
		32D39AA91B304C35009AEE40 /* AFURLRequestSerialization.m in Sources */ = {isa = PBXBuildFile; fileRef = 32C99E4F1AC1B56200409FE8 /* AFURLRequestSerialization.m */; };
		32D39AAA1B304C35009AEE40 /* AFURLResponseSerialization.m in Sources */ = {isa = PBXBuildFile; fileRef = 32C99E511AC1B56200409FE8 /* AFURLResponseSerialization.m */; };
		32D39AAB1B304C35009AEE40 /* AFURLSessionManager.m in Sources */ = {isa = PBXBuildFile; fileRef = 32C99E531AC1B56200409FE8 /* AFURLSessionManager.m */; };
		32D39AAC1B304C41009AEE40 /* AFNetworkActivityIndicatorManager.m in Sources */ = {isa = PBXBuildFile; fileRef = 32C99E5E1AC1B57D00409FE8 /* AFNetworkActivityIndicatorManager.m */; };
		32D39AAD1B304C41009AEE40 /* UIActivityIndicatorView+AFNetworking.m in Sources */ = {isa = PBXBuildFile; fileRef = 32C99E601AC1B57D00409FE8 /* UIActivityIndicatorView+AFNetworking.m */; };
		32D39AAE1B304C41009AEE40 /* UIAlertView+AFNetworking.m in Sources */ = {isa = PBXBuildFile; fileRef = 32C99E621AC1B57D00409FE8 /* UIAlertView+AFNetworking.m */; };
		32D39AAF1B304C41009AEE40 /* UIButton+AFNetworking.m in Sources */ = {isa = PBXBuildFile; fileRef = 32C99E641AC1B57D00409FE8 /* UIButton+AFNetworking.m */; };
		32D39AB01B304C41009AEE40 /* UIImageView+AFNetworking.m in Sources */ = {isa = PBXBuildFile; fileRef = 32C99E661AC1B57D00409FE8 /* UIImageView+AFNetworking.m */; };
		32D39AB11B304C41009AEE40 /* UIProgressView+AFNetworking.m in Sources */ = {isa = PBXBuildFile; fileRef = 32C99E691AC1B57D00409FE8 /* UIProgressView+AFNetworking.m */; };
		32D39AB21B304C41009AEE40 /* UIRefreshControl+AFNetworking.m in Sources */ = {isa = PBXBuildFile; fileRef = 32C99E6B1AC1B57D00409FE8 /* UIRefreshControl+AFNetworking.m */; };
		32D39AB31B304C41009AEE40 /* UIWebView+AFNetworking.m in Sources */ = {isa = PBXBuildFile; fileRef = 32C99E6D1AC1B57D00409FE8 /* UIWebView+AFNetworking.m */; };
		32D39AB41B305005009AEE40 /* ServerCommunicationUtil.m in Sources */ = {isa = PBXBuildFile; fileRef = 326EA0C51AEE2C6800F83AFE /* ServerCommunicationUtil.m */; };
		32D39B021B309529009AEE40 /* NotificationCenter.framework in Frameworks */ = {isa = PBXBuildFile; fileRef = 32D39A7E1B301C95009AEE40 /* NotificationCenter.framework */; };
		32D39B081B309529009AEE40 /* TodayViewController.m in Sources */ = {isa = PBXBuildFile; fileRef = 32D39B071B309529009AEE40 /* TodayViewController.m */; };
		32D39B0A1B309529009AEE40 /* MainInterface.storyboard in Resources */ = {isa = PBXBuildFile; fileRef = 32D39B091B309529009AEE40 /* MainInterface.storyboard */; };
		32D39B0D1B309529009AEE40 /* Mtel Usage Ad Hoc.appex in Embed App Extensions */ = {isa = PBXBuildFile; fileRef = 32D39B011B309529009AEE40 /* Mtel Usage Ad Hoc.appex */; settings = {ATTRIBUTES = (RemoveHeadersOnCopy, ); }; };
		32D39B111B309691009AEE40 /* Images.xcassets in Resources */ = {isa = PBXBuildFile; fileRef = 32C99E241AC1B39100409FE8 /* Images.xcassets */; };
		32D39B121B3096A6009AEE40 /* ServerCommunicationUtil.m in Sources */ = {isa = PBXBuildFile; fileRef = 326EA0C51AEE2C6800F83AFE /* ServerCommunicationUtil.m */; };
		32D39B131B3096B7009AEE40 /* AFHTTPRequestOperation.m in Sources */ = {isa = PBXBuildFile; fileRef = 32C99E421AC1B56200409FE8 /* AFHTTPRequestOperation.m */; };
		32D39B141B3096B7009AEE40 /* AFHTTPRequestOperationManager.m in Sources */ = {isa = PBXBuildFile; fileRef = 32C99E441AC1B56200409FE8 /* AFHTTPRequestOperationManager.m */; };
		32D39B151B3096B7009AEE40 /* AFHTTPSessionManager.m in Sources */ = {isa = PBXBuildFile; fileRef = 32C99E461AC1B56200409FE8 /* AFHTTPSessionManager.m */; };
		32D39B161B3096B7009AEE40 /* AFNetworkReachabilityManager.m in Sources */ = {isa = PBXBuildFile; fileRef = 32C99E491AC1B56200409FE8 /* AFNetworkReachabilityManager.m */; };
		32D39B171B3096B7009AEE40 /* AFSecurityPolicy.m in Sources */ = {isa = PBXBuildFile; fileRef = 32C99E4B1AC1B56200409FE8 /* AFSecurityPolicy.m */; };
		32D39B181B3096B7009AEE40 /* AFURLConnectionOperation.m in Sources */ = {isa = PBXBuildFile; fileRef = 32C99E4D1AC1B56200409FE8 /* AFURLConnectionOperation.m */; };
		32D39B191B3096B7009AEE40 /* AFURLRequestSerialization.m in Sources */ = {isa = PBXBuildFile; fileRef = 32C99E4F1AC1B56200409FE8 /* AFURLRequestSerialization.m */; };
		32D39B1A1B3096B7009AEE40 /* AFURLResponseSerialization.m in Sources */ = {isa = PBXBuildFile; fileRef = 32C99E511AC1B56200409FE8 /* AFURLResponseSerialization.m */; };
		32D39B1B1B3096B7009AEE40 /* AFURLSessionManager.m in Sources */ = {isa = PBXBuildFile; fileRef = 32C99E531AC1B56200409FE8 /* AFURLSessionManager.m */; };
		32D39B1C1B3096C1009AEE40 /* AFNetworkActivityIndicatorManager.m in Sources */ = {isa = PBXBuildFile; fileRef = 32C99E5E1AC1B57D00409FE8 /* AFNetworkActivityIndicatorManager.m */; };
		32D39B1D1B3096C1009AEE40 /* UIActivityIndicatorView+AFNetworking.m in Sources */ = {isa = PBXBuildFile; fileRef = 32C99E601AC1B57D00409FE8 /* UIActivityIndicatorView+AFNetworking.m */; };
		32D39B1E1B3096C1009AEE40 /* UIAlertView+AFNetworking.m in Sources */ = {isa = PBXBuildFile; fileRef = 32C99E621AC1B57D00409FE8 /* UIAlertView+AFNetworking.m */; };
		32D39B1F1B3096C1009AEE40 /* UIButton+AFNetworking.m in Sources */ = {isa = PBXBuildFile; fileRef = 32C99E641AC1B57D00409FE8 /* UIButton+AFNetworking.m */; };
		32D39B201B3096C1009AEE40 /* UIImageView+AFNetworking.m in Sources */ = {isa = PBXBuildFile; fileRef = 32C99E661AC1B57D00409FE8 /* UIImageView+AFNetworking.m */; };
		32D39B211B3096C1009AEE40 /* UIProgressView+AFNetworking.m in Sources */ = {isa = PBXBuildFile; fileRef = 32C99E691AC1B57D00409FE8 /* UIProgressView+AFNetworking.m */; };
		32D39B221B3096C1009AEE40 /* UIRefreshControl+AFNetworking.m in Sources */ = {isa = PBXBuildFile; fileRef = 32C99E6B1AC1B57D00409FE8 /* UIRefreshControl+AFNetworking.m */; };
		32D39B231B3096C1009AEE40 /* UIWebView+AFNetworking.m in Sources */ = {isa = PBXBuildFile; fileRef = 32C99E6D1AC1B57D00409FE8 /* UIWebView+AFNetworking.m */; };
/* End PBXBuildFile section */

/* Begin PBXContainerItemProxy section */
		32C99E2E1AC1B39100409FE8 /* PBXContainerItemProxy */ = {
			isa = PBXContainerItemProxy;
			containerPortal = 32C99E0C1AC1B39100409FE8 /* Project object */;
			proxyType = 1;
			remoteGlobalIDString = 32C99E131AC1B39100409FE8;
			remoteInfo = "3G Data";
		};
		32D39A881B301C95009AEE40 /* PBXContainerItemProxy */ = {
			isa = PBXContainerItemProxy;
			containerPortal = 32C99E0C1AC1B39100409FE8 /* Project object */;
			proxyType = 1;
			remoteGlobalIDString = 32D39A7B1B301C95009AEE40;
			remoteInfo = "Mtel Usage";
		};
		32D39B0B1B309529009AEE40 /* PBXContainerItemProxy */ = {
			isa = PBXContainerItemProxy;
			containerPortal = 32C99E0C1AC1B39100409FE8 /* Project object */;
			proxyType = 1;
			remoteGlobalIDString = 32D39B001B309529009AEE40;
			remoteInfo = "Mtel Usage Ad Hoc";
		};
/* End PBXContainerItemProxy section */

/* Begin PBXCopyFilesBuildPhase section */
		32D39A8E1B301C95009AEE40 /* Embed App Extensions */ = {
			isa = PBXCopyFilesBuildPhase;
			buildActionMask = 2147483647;
			dstPath = "";
			dstSubfolderSpec = 13;
			files = (
				32D39A8A1B301C95009AEE40 /* Mtel Usage.appex in Embed App Extensions */,
			);
			name = "Embed App Extensions";
			runOnlyForDeploymentPostprocessing = 0;
		};
		32D39AC91B30882B009AEE40 /* Embed App Extensions */ = {
			isa = PBXCopyFilesBuildPhase;
			buildActionMask = 2147483647;
			dstPath = "";
			dstSubfolderSpec = 13;
			files = (
				32D39B0D1B309529009AEE40 /* Mtel Usage Ad Hoc.appex in Embed App Extensions */,
			);
			name = "Embed App Extensions";
			runOnlyForDeploymentPostprocessing = 0;
		};
/* End PBXCopyFilesBuildPhase section */

/* Begin PBXFileReference section */
		326EA0C41AEE2C6800F83AFE /* ServerCommunicationUtil.h */ = {isa = PBXFileReference; fileEncoding = 4; lastKnownFileType = sourcecode.c.h; name = ServerCommunicationUtil.h; path = Utils/ServerCommunicationUtil.h; sourceTree = "<group>"; };
		326EA0C51AEE2C6800F83AFE /* ServerCommunicationUtil.m */ = {isa = PBXFileReference; fileEncoding = 4; lastKnownFileType = sourcecode.c.objc; name = ServerCommunicationUtil.m; path = Utils/ServerCommunicationUtil.m; sourceTree = "<group>"; };
		326EA0C71AEE2E1A00F83AFE /* ThreeGData-Prefix.pch */ = {isa = PBXFileReference; lastKnownFileType = sourcecode.c.h; path = "ThreeGData-Prefix.pch"; sourceTree = "<group>"; };
		32C7FC661B2F0DDC0047F986 /* threeg.app */ = {isa = PBXFileReference; explicitFileType = wrapper.application; includeInIndex = 0; path = threeg.app; sourceTree = BUILT_PRODUCTS_DIR; };
		32C7FC671B2F0DDC0047F986 /* 3G Data copy-Info.plist */ = {isa = PBXFileReference; lastKnownFileType = text.plist.xml; name = "3G Data copy-Info.plist"; path = "/Users/ProxiadDVP/Documents/Workspace/3G Data/3G Data copy-Info.plist"; sourceTree = "<absolute>"; };
		32C8D5C11AE0097400F3B7A2 /* Constants.h */ = {isa = PBXFileReference; lastKnownFileType = sourcecode.c.h; path = Constants.h; sourceTree = "<group>"; };
		32C99E141AC1B39100409FE8 /* 3G Data.app */ = {isa = PBXFileReference; explicitFileType = wrapper.application; includeInIndex = 0; path = "3G Data.app"; sourceTree = BUILT_PRODUCTS_DIR; };
		32C99E181AC1B39100409FE8 /* Info.plist */ = {isa = PBXFileReference; lastKnownFileType = text.plist.xml; path = Info.plist; sourceTree = "<group>"; };
		32C99E191AC1B39100409FE8 /* main.m */ = {isa = PBXFileReference; lastKnownFileType = sourcecode.c.objc; path = main.m; sourceTree = "<group>"; };
		32C99E1B1AC1B39100409FE8 /* AppDelegate.h */ = {isa = PBXFileReference; lastKnownFileType = sourcecode.c.h; path = AppDelegate.h; sourceTree = "<group>"; };
		32C99E1C1AC1B39100409FE8 /* AppDelegate.m */ = {isa = PBXFileReference; lastKnownFileType = sourcecode.c.objc; path = AppDelegate.m; sourceTree = "<group>"; };
		32C99E1E1AC1B39100409FE8 /* ViewController.h */ = {isa = PBXFileReference; lastKnownFileType = sourcecode.c.h; path = ViewController.h; sourceTree = "<group>"; };
		32C99E1F1AC1B39100409FE8 /* ViewController.m */ = {isa = PBXFileReference; lastKnownFileType = sourcecode.c.objc; path = ViewController.m; sourceTree = "<group>"; };
		32C99E221AC1B39100409FE8 /* Base */ = {isa = PBXFileReference; lastKnownFileType = file.storyboard; name = Base; path = Base.lproj/Main.storyboard; sourceTree = "<group>"; };
		32C99E241AC1B39100409FE8 /* Images.xcassets */ = {isa = PBXFileReference; lastKnownFileType = folder.assetcatalog; path = Images.xcassets; sourceTree = "<group>"; };
		32C99E271AC1B39100409FE8 /* Base */ = {isa = PBXFileReference; lastKnownFileType = file.xib; name = Base; path = Base.lproj/LaunchScreen.xib; sourceTree = "<group>"; };
		32C99E2D1AC1B39100409FE8 /* 3G DataTests.xctest */ = {isa = PBXFileReference; explicitFileType = wrapper.cfbundle; includeInIndex = 0; path = "3G DataTests.xctest"; sourceTree = BUILT_PRODUCTS_DIR; };
		32C99E321AC1B39100409FE8 /* Info.plist */ = {isa = PBXFileReference; lastKnownFileType = text.plist.xml; path = Info.plist; sourceTree = "<group>"; };
		32C99E331AC1B39100409FE8 /* _G_DataTests.m */ = {isa = PBXFileReference; lastKnownFileType = sourcecode.c.objc; path = _G_DataTests.m; sourceTree = "<group>"; };
		32C99E411AC1B56200409FE8 /* AFHTTPRequestOperation.h */ = {isa = PBXFileReference; fileEncoding = 4; lastKnownFileType = sourcecode.c.h; path = AFHTTPRequestOperation.h; sourceTree = "<group>"; };
		32C99E421AC1B56200409FE8 /* AFHTTPRequestOperation.m */ = {isa = PBXFileReference; fileEncoding = 4; lastKnownFileType = sourcecode.c.objc; path = AFHTTPRequestOperation.m; sourceTree = "<group>"; };
		32C99E431AC1B56200409FE8 /* AFHTTPRequestOperationManager.h */ = {isa = PBXFileReference; fileEncoding = 4; lastKnownFileType = sourcecode.c.h; path = AFHTTPRequestOperationManager.h; sourceTree = "<group>"; };
		32C99E441AC1B56200409FE8 /* AFHTTPRequestOperationManager.m */ = {isa = PBXFileReference; fileEncoding = 4; lastKnownFileType = sourcecode.c.objc; path = AFHTTPRequestOperationManager.m; sourceTree = "<group>"; };
		32C99E451AC1B56200409FE8 /* AFHTTPSessionManager.h */ = {isa = PBXFileReference; fileEncoding = 4; lastKnownFileType = sourcecode.c.h; path = AFHTTPSessionManager.h; sourceTree = "<group>"; };
		32C99E461AC1B56200409FE8 /* AFHTTPSessionManager.m */ = {isa = PBXFileReference; fileEncoding = 4; lastKnownFileType = sourcecode.c.objc; path = AFHTTPSessionManager.m; sourceTree = "<group>"; };
		32C99E471AC1B56200409FE8 /* AFNetworking.h */ = {isa = PBXFileReference; fileEncoding = 4; lastKnownFileType = sourcecode.c.h; path = AFNetworking.h; sourceTree = "<group>"; };
		32C99E481AC1B56200409FE8 /* AFNetworkReachabilityManager.h */ = {isa = PBXFileReference; fileEncoding = 4; lastKnownFileType = sourcecode.c.h; path = AFNetworkReachabilityManager.h; sourceTree = "<group>"; };
		32C99E491AC1B56200409FE8 /* AFNetworkReachabilityManager.m */ = {isa = PBXFileReference; fileEncoding = 4; lastKnownFileType = sourcecode.c.objc; path = AFNetworkReachabilityManager.m; sourceTree = "<group>"; };
		32C99E4A1AC1B56200409FE8 /* AFSecurityPolicy.h */ = {isa = PBXFileReference; fileEncoding = 4; lastKnownFileType = sourcecode.c.h; path = AFSecurityPolicy.h; sourceTree = "<group>"; };
		32C99E4B1AC1B56200409FE8 /* AFSecurityPolicy.m */ = {isa = PBXFileReference; fileEncoding = 4; lastKnownFileType = sourcecode.c.objc; path = AFSecurityPolicy.m; sourceTree = "<group>"; };
		32C99E4C1AC1B56200409FE8 /* AFURLConnectionOperation.h */ = {isa = PBXFileReference; fileEncoding = 4; lastKnownFileType = sourcecode.c.h; path = AFURLConnectionOperation.h; sourceTree = "<group>"; };
		32C99E4D1AC1B56200409FE8 /* AFURLConnectionOperation.m */ = {isa = PBXFileReference; fileEncoding = 4; lastKnownFileType = sourcecode.c.objc; path = AFURLConnectionOperation.m; sourceTree = "<group>"; };
		32C99E4E1AC1B56200409FE8 /* AFURLRequestSerialization.h */ = {isa = PBXFileReference; fileEncoding = 4; lastKnownFileType = sourcecode.c.h; path = AFURLRequestSerialization.h; sourceTree = "<group>"; };
		32C99E4F1AC1B56200409FE8 /* AFURLRequestSerialization.m */ = {isa = PBXFileReference; fileEncoding = 4; lastKnownFileType = sourcecode.c.objc; path = AFURLRequestSerialization.m; sourceTree = "<group>"; };
		32C99E501AC1B56200409FE8 /* AFURLResponseSerialization.h */ = {isa = PBXFileReference; fileEncoding = 4; lastKnownFileType = sourcecode.c.h; path = AFURLResponseSerialization.h; sourceTree = "<group>"; };
		32C99E511AC1B56200409FE8 /* AFURLResponseSerialization.m */ = {isa = PBXFileReference; fileEncoding = 4; lastKnownFileType = sourcecode.c.objc; path = AFURLResponseSerialization.m; sourceTree = "<group>"; };
		32C99E521AC1B56200409FE8 /* AFURLSessionManager.h */ = {isa = PBXFileReference; fileEncoding = 4; lastKnownFileType = sourcecode.c.h; path = AFURLSessionManager.h; sourceTree = "<group>"; };
		32C99E531AC1B56200409FE8 /* AFURLSessionManager.m */ = {isa = PBXFileReference; fileEncoding = 4; lastKnownFileType = sourcecode.c.objc; path = AFURLSessionManager.m; sourceTree = "<group>"; };
		32C99E5D1AC1B57D00409FE8 /* AFNetworkActivityIndicatorManager.h */ = {isa = PBXFileReference; fileEncoding = 4; lastKnownFileType = sourcecode.c.h; path = AFNetworkActivityIndicatorManager.h; sourceTree = "<group>"; };
		32C99E5E1AC1B57D00409FE8 /* AFNetworkActivityIndicatorManager.m */ = {isa = PBXFileReference; fileEncoding = 4; lastKnownFileType = sourcecode.c.objc; path = AFNetworkActivityIndicatorManager.m; sourceTree = "<group>"; };
		32C99E5F1AC1B57D00409FE8 /* UIActivityIndicatorView+AFNetworking.h */ = {isa = PBXFileReference; fileEncoding = 4; lastKnownFileType = sourcecode.c.h; path = "UIActivityIndicatorView+AFNetworking.h"; sourceTree = "<group>"; };
		32C99E601AC1B57D00409FE8 /* UIActivityIndicatorView+AFNetworking.m */ = {isa = PBXFileReference; fileEncoding = 4; lastKnownFileType = sourcecode.c.objc; path = "UIActivityIndicatorView+AFNetworking.m"; sourceTree = "<group>"; };
		32C99E611AC1B57D00409FE8 /* UIAlertView+AFNetworking.h */ = {isa = PBXFileReference; fileEncoding = 4; lastKnownFileType = sourcecode.c.h; path = "UIAlertView+AFNetworking.h"; sourceTree = "<group>"; };
		32C99E621AC1B57D00409FE8 /* UIAlertView+AFNetworking.m */ = {isa = PBXFileReference; fileEncoding = 4; lastKnownFileType = sourcecode.c.objc; path = "UIAlertView+AFNetworking.m"; sourceTree = "<group>"; };
		32C99E631AC1B57D00409FE8 /* UIButton+AFNetworking.h */ = {isa = PBXFileReference; fileEncoding = 4; lastKnownFileType = sourcecode.c.h; path = "UIButton+AFNetworking.h"; sourceTree = "<group>"; };
		32C99E641AC1B57D00409FE8 /* UIButton+AFNetworking.m */ = {isa = PBXFileReference; fileEncoding = 4; lastKnownFileType = sourcecode.c.objc; path = "UIButton+AFNetworking.m"; sourceTree = "<group>"; };
		32C99E651AC1B57D00409FE8 /* UIImageView+AFNetworking.h */ = {isa = PBXFileReference; fileEncoding = 4; lastKnownFileType = sourcecode.c.h; path = "UIImageView+AFNetworking.h"; sourceTree = "<group>"; };
		32C99E661AC1B57D00409FE8 /* UIImageView+AFNetworking.m */ = {isa = PBXFileReference; fileEncoding = 4; lastKnownFileType = sourcecode.c.objc; path = "UIImageView+AFNetworking.m"; sourceTree = "<group>"; };
		32C99E671AC1B57D00409FE8 /* UIKit+AFNetworking.h */ = {isa = PBXFileReference; fileEncoding = 4; lastKnownFileType = sourcecode.c.h; path = "UIKit+AFNetworking.h"; sourceTree = "<group>"; };
		32C99E681AC1B57D00409FE8 /* UIProgressView+AFNetworking.h */ = {isa = PBXFileReference; fileEncoding = 4; lastKnownFileType = sourcecode.c.h; path = "UIProgressView+AFNetworking.h"; sourceTree = "<group>"; };
		32C99E691AC1B57D00409FE8 /* UIProgressView+AFNetworking.m */ = {isa = PBXFileReference; fileEncoding = 4; lastKnownFileType = sourcecode.c.objc; path = "UIProgressView+AFNetworking.m"; sourceTree = "<group>"; };
		32C99E6A1AC1B57D00409FE8 /* UIRefreshControl+AFNetworking.h */ = {isa = PBXFileReference; fileEncoding = 4; lastKnownFileType = sourcecode.c.h; path = "UIRefreshControl+AFNetworking.h"; sourceTree = "<group>"; };
		32C99E6B1AC1B57D00409FE8 /* UIRefreshControl+AFNetworking.m */ = {isa = PBXFileReference; fileEncoding = 4; lastKnownFileType = sourcecode.c.objc; path = "UIRefreshControl+AFNetworking.m"; sourceTree = "<group>"; };
		32C99E6C1AC1B57D00409FE8 /* UIWebView+AFNetworking.h */ = {isa = PBXFileReference; fileEncoding = 4; lastKnownFileType = sourcecode.c.h; path = "UIWebView+AFNetworking.h"; sourceTree = "<group>"; };
		32C99E6D1AC1B57D00409FE8 /* UIWebView+AFNetworking.m */ = {isa = PBXFileReference; fileEncoding = 4; lastKnownFileType = sourcecode.c.objc; path = "UIWebView+AFNetworking.m"; sourceTree = "<group>"; };
		32D39A7C1B301C95009AEE40 /* Mtel Usage.appex */ = {isa = PBXFileReference; explicitFileType = "wrapper.app-extension"; includeInIndex = 0; path = "Mtel Usage.appex"; sourceTree = BUILT_PRODUCTS_DIR; };
		32D39A7E1B301C95009AEE40 /* NotificationCenter.framework */ = {isa = PBXFileReference; lastKnownFileType = wrapper.framework; name = NotificationCenter.framework; path = System/Library/Frameworks/NotificationCenter.framework; sourceTree = SDKROOT; };
		32D39A821B301C95009AEE40 /* Info.plist */ = {isa = PBXFileReference; lastKnownFileType = text.plist.xml; path = Info.plist; sourceTree = "<group>"; };
		32D39A831B301C95009AEE40 /* TodayViewController.h */ = {isa = PBXFileReference; lastKnownFileType = sourcecode.c.h; path = TodayViewController.h; sourceTree = "<group>"; };
		32D39A841B301C95009AEE40 /* TodayViewController.m */ = {isa = PBXFileReference; lastKnownFileType = sourcecode.c.objc; path = TodayViewController.m; sourceTree = "<group>"; };
		32D39A861B301C95009AEE40 /* MainInterface.storyboard */ = {isa = PBXFileReference; lastKnownFileType = file.storyboard; path = MainInterface.storyboard; sourceTree = "<group>"; };
		32D39AA21B304BC4009AEE40 /* MtelUsage-Prefix.pch */ = {isa = PBXFileReference; lastKnownFileType = sourcecode.c.h; path = "MtelUsage-Prefix.pch"; sourceTree = "<group>"; };
		32D39AFC1B3092C4009AEE40 /* Mtel Usage copy-Info.plist */ = {isa = PBXFileReference; lastKnownFileType = text.plist.xml; name = "Mtel Usage copy-Info.plist"; path = "/Users/ProxiadDVP/Documents/Workspace/3G Data/Mtel Usage copy-Info.plist"; sourceTree = "<absolute>"; };
		32D39B011B309529009AEE40 /* Mtel Usage Ad Hoc.appex */ = {isa = PBXFileReference; explicitFileType = "wrapper.app-extension"; includeInIndex = 0; path = "Mtel Usage Ad Hoc.appex"; sourceTree = BUILT_PRODUCTS_DIR; };
		32D39B051B309529009AEE40 /* Info.plist */ = {isa = PBXFileReference; lastKnownFileType = text.plist.xml; path = Info.plist; sourceTree = "<group>"; };
		32D39B061B309529009AEE40 /* TodayViewController.h */ = {isa = PBXFileReference; lastKnownFileType = sourcecode.c.h; path = TodayViewController.h; sourceTree = "<group>"; };
		32D39B071B309529009AEE40 /* TodayViewController.m */ = {isa = PBXFileReference; lastKnownFileType = sourcecode.c.objc; path = TodayViewController.m; sourceTree = "<group>"; };
		32D39B091B309529009AEE40 /* MainInterface.storyboard */ = {isa = PBXFileReference; lastKnownFileType = file.storyboard; path = MainInterface.storyboard; sourceTree = "<group>"; };
/* End PBXFileReference section */

/* Begin PBXFrameworksBuildPhase section */
		32C7FC5E1B2F0DDB0047F986 /* Frameworks */ = {
			isa = PBXFrameworksBuildPhase;
			buildActionMask = 2147483647;
			files = (
			);
			runOnlyForDeploymentPostprocessing = 0;
		};
		32C99E111AC1B39100409FE8 /* Frameworks */ = {
			isa = PBXFrameworksBuildPhase;
			buildActionMask = 2147483647;
			files = (
			);
			runOnlyForDeploymentPostprocessing = 0;
		};
		32C99E2A1AC1B39100409FE8 /* Frameworks */ = {
			isa = PBXFrameworksBuildPhase;
			buildActionMask = 2147483647;
			files = (
			);
			runOnlyForDeploymentPostprocessing = 0;
		};
		32D39A791B301C95009AEE40 /* Frameworks */ = {
			isa = PBXFrameworksBuildPhase;
			buildActionMask = 2147483647;
			files = (
				32D39A7F1B301C95009AEE40 /* NotificationCenter.framework in Frameworks */,
			);
			runOnlyForDeploymentPostprocessing = 0;
		};
		32D39AFE1B309529009AEE40 /* Frameworks */ = {
			isa = PBXFrameworksBuildPhase;
			buildActionMask = 2147483647;
			files = (
				32D39B021B309529009AEE40 /* NotificationCenter.framework in Frameworks */,
			);
			runOnlyForDeploymentPostprocessing = 0;
		};
/* End PBXFrameworksBuildPhase section */

/* Begin PBXGroup section */
		326EA0C31AEE2C3600F83AFE /* Utils */ = {
			isa = PBXGroup;
			children = (
				326EA0C41AEE2C6800F83AFE /* ServerCommunicationUtil.h */,
				326EA0C51AEE2C6800F83AFE /* ServerCommunicationUtil.m */,
			);
			name = Utils;
			sourceTree = "<group>";
		};
		32C99E0B1AC1B39100409FE8 = {
			isa = PBXGroup;
			children = (
				32C99E161AC1B39100409FE8 /* 3G Data */,
				32C99E301AC1B39100409FE8 /* 3G DataTests */,
				32D39A801B301C95009AEE40 /* Mtel Usage */,
				32D39B031B309529009AEE40 /* Mtel Usage Ad Hoc */,
				32D39A7D1B301C95009AEE40 /* Frameworks */,
				32C99E151AC1B39100409FE8 /* Products */,
				32C7FC671B2F0DDC0047F986 /* 3G Data copy-Info.plist */,
				32D39AFC1B3092C4009AEE40 /* Mtel Usage copy-Info.plist */,
			);
			sourceTree = "<group>";
		};
		32C99E151AC1B39100409FE8 /* Products */ = {
			isa = PBXGroup;
			children = (
				32C99E141AC1B39100409FE8 /* 3G Data.app */,
				32C99E2D1AC1B39100409FE8 /* 3G DataTests.xctest */,
				32C7FC661B2F0DDC0047F986 /* threeg.app */,
				32D39A7C1B301C95009AEE40 /* Mtel Usage.appex */,
				32D39B011B309529009AEE40 /* Mtel Usage Ad Hoc.appex */,
			);
			name = Products;
			sourceTree = "<group>";
		};
		32C99E161AC1B39100409FE8 /* 3G Data */ = {
			isa = PBXGroup;
			children = (
				326EA0C31AEE2C3600F83AFE /* Utils */,
				32C99E3D1AC1B4A500409FE8 /* Libraries */,
				32C99E1B1AC1B39100409FE8 /* AppDelegate.h */,
				32C99E1C1AC1B39100409FE8 /* AppDelegate.m */,
				32C99E1E1AC1B39100409FE8 /* ViewController.h */,
				32C99E1F1AC1B39100409FE8 /* ViewController.m */,
				32C99E211AC1B39100409FE8 /* Main.storyboard */,
				32C99E241AC1B39100409FE8 /* Images.xcassets */,
				32C99E261AC1B39100409FE8 /* LaunchScreen.xib */,
				32C99E171AC1B39100409FE8 /* Supporting Files */,
				32C8D5C11AE0097400F3B7A2 /* Constants.h */,
				326EA0C71AEE2E1A00F83AFE /* ThreeGData-Prefix.pch */,
			);
			path = "3G Data";
			sourceTree = "<group>";
		};
		32C99E171AC1B39100409FE8 /* Supporting Files */ = {
			isa = PBXGroup;
			children = (
				32C99E181AC1B39100409FE8 /* Info.plist */,
				32C99E191AC1B39100409FE8 /* main.m */,
			);
			name = "Supporting Files";
			sourceTree = "<group>";
		};
		32C99E301AC1B39100409FE8 /* 3G DataTests */ = {
			isa = PBXGroup;
			children = (
				32C99E331AC1B39100409FE8 /* _G_DataTests.m */,
				32C99E311AC1B39100409FE8 /* Supporting Files */,
			);
			path = "3G DataTests";
			sourceTree = "<group>";
		};
		32C99E311AC1B39100409FE8 /* Supporting Files */ = {
			isa = PBXGroup;
			children = (
				32C99E321AC1B39100409FE8 /* Info.plist */,
			);
			name = "Supporting Files";
			sourceTree = "<group>";
		};
		32C99E3D1AC1B4A500409FE8 /* Libraries */ = {
			isa = PBXGroup;
			children = (
				32C99E3E1AC1B4F800409FE8 /* AFNetworking */,
			);
			name = Libraries;
			sourceTree = "<group>";
		};
		32C99E3E1AC1B4F800409FE8 /* AFNetworking */ = {
			isa = PBXGroup;
			children = (
				32C99E401AC1B52300409FE8 /* AFNetworking */,
				32C99E3F1AC1B50B00409FE8 /* UIKit+AFNetworking */,
			);
			name = AFNetworking;
			sourceTree = "<group>";
		};
		32C99E3F1AC1B50B00409FE8 /* UIKit+AFNetworking */ = {
			isa = PBXGroup;
			children = (
				32C99E5D1AC1B57D00409FE8 /* AFNetworkActivityIndicatorManager.h */,
				32C99E5E1AC1B57D00409FE8 /* AFNetworkActivityIndicatorManager.m */,
				32C99E5F1AC1B57D00409FE8 /* UIActivityIndicatorView+AFNetworking.h */,
				32C99E601AC1B57D00409FE8 /* UIActivityIndicatorView+AFNetworking.m */,
				32C99E611AC1B57D00409FE8 /* UIAlertView+AFNetworking.h */,
				32C99E621AC1B57D00409FE8 /* UIAlertView+AFNetworking.m */,
				32C99E631AC1B57D00409FE8 /* UIButton+AFNetworking.h */,
				32C99E641AC1B57D00409FE8 /* UIButton+AFNetworking.m */,
				32C99E651AC1B57D00409FE8 /* UIImageView+AFNetworking.h */,
				32C99E661AC1B57D00409FE8 /* UIImageView+AFNetworking.m */,
				32C99E671AC1B57D00409FE8 /* UIKit+AFNetworking.h */,
				32C99E681AC1B57D00409FE8 /* UIProgressView+AFNetworking.h */,
				32C99E691AC1B57D00409FE8 /* UIProgressView+AFNetworking.m */,
				32C99E6A1AC1B57D00409FE8 /* UIRefreshControl+AFNetworking.h */,
				32C99E6B1AC1B57D00409FE8 /* UIRefreshControl+AFNetworking.m */,
				32C99E6C1AC1B57D00409FE8 /* UIWebView+AFNetworking.h */,
				32C99E6D1AC1B57D00409FE8 /* UIWebView+AFNetworking.m */,
			);
			name = "UIKit+AFNetworking";
			sourceTree = "<group>";
		};
		32C99E401AC1B52300409FE8 /* AFNetworking */ = {
			isa = PBXGroup;
			children = (
				32C99E411AC1B56200409FE8 /* AFHTTPRequestOperation.h */,
				32C99E421AC1B56200409FE8 /* AFHTTPRequestOperation.m */,
				32C99E431AC1B56200409FE8 /* AFHTTPRequestOperationManager.h */,
				32C99E441AC1B56200409FE8 /* AFHTTPRequestOperationManager.m */,
				32C99E451AC1B56200409FE8 /* AFHTTPSessionManager.h */,
				32C99E461AC1B56200409FE8 /* AFHTTPSessionManager.m */,
				32C99E471AC1B56200409FE8 /* AFNetworking.h */,
				32C99E481AC1B56200409FE8 /* AFNetworkReachabilityManager.h */,
				32C99E491AC1B56200409FE8 /* AFNetworkReachabilityManager.m */,
				32C99E4A1AC1B56200409FE8 /* AFSecurityPolicy.h */,
				32C99E4B1AC1B56200409FE8 /* AFSecurityPolicy.m */,
				32C99E4C1AC1B56200409FE8 /* AFURLConnectionOperation.h */,
				32C99E4D1AC1B56200409FE8 /* AFURLConnectionOperation.m */,
				32C99E4E1AC1B56200409FE8 /* AFURLRequestSerialization.h */,
				32C99E4F1AC1B56200409FE8 /* AFURLRequestSerialization.m */,
				32C99E501AC1B56200409FE8 /* AFURLResponseSerialization.h */,
				32C99E511AC1B56200409FE8 /* AFURLResponseSerialization.m */,
				32C99E521AC1B56200409FE8 /* AFURLSessionManager.h */,
				32C99E531AC1B56200409FE8 /* AFURLSessionManager.m */,
			);
			name = AFNetworking;
			sourceTree = "<group>";
		};
		32D39A7D1B301C95009AEE40 /* Frameworks */ = {
			isa = PBXGroup;
			children = (
				32D39A7E1B301C95009AEE40 /* NotificationCenter.framework */,
			);
			name = Frameworks;
			sourceTree = "<group>";
		};
		32D39A801B301C95009AEE40 /* Mtel Usage */ = {
			isa = PBXGroup;
			children = (
				32D39A831B301C95009AEE40 /* TodayViewController.h */,
				32D39A841B301C95009AEE40 /* TodayViewController.m */,
				32D39A861B301C95009AEE40 /* MainInterface.storyboard */,
				32D39A811B301C95009AEE40 /* Supporting Files */,
				32D39AA21B304BC4009AEE40 /* MtelUsage-Prefix.pch */,
			);
			path = "Mtel Usage";
			sourceTree = "<group>";
		};
		32D39A811B301C95009AEE40 /* Supporting Files */ = {
			isa = PBXGroup;
			children = (
				32D39A821B301C95009AEE40 /* Info.plist */,
			);
			name = "Supporting Files";
			sourceTree = "<group>";
		};
		32D39B031B309529009AEE40 /* Mtel Usage Ad Hoc */ = {
			isa = PBXGroup;
			children = (
				32D39B061B309529009AEE40 /* TodayViewController.h */,
				32D39B071B309529009AEE40 /* TodayViewController.m */,
				32D39B091B309529009AEE40 /* MainInterface.storyboard */,
				32D39B041B309529009AEE40 /* Supporting Files */,
			);
			path = "Mtel Usage Ad Hoc";
			sourceTree = "<group>";
		};
		32D39B041B309529009AEE40 /* Supporting Files */ = {
			isa = PBXGroup;
			children = (
				32D39B051B309529009AEE40 /* Info.plist */,
			);
			name = "Supporting Files";
			sourceTree = "<group>";
		};
/* End PBXGroup section */

/* Begin PBXNativeTarget section */
		32C7FC471B2F0DDB0047F986 /* 3G Data Development */ = {
			isa = PBXNativeTarget;
			buildConfigurationList = 32C7FC631B2F0DDB0047F986 /* Build configuration list for PBXNativeTarget "3G Data Development" */;
			buildPhases = (
				32C7FC481B2F0DDB0047F986 /* Sources */,
				32C7FC5E1B2F0DDB0047F986 /* Frameworks */,
				32C7FC5F1B2F0DDB0047F986 /* Resources */,
				32D39AC91B30882B009AEE40 /* Embed App Extensions */,
			);
			buildRules = (
			);
			dependencies = (
				32D39B0C1B309529009AEE40 /* PBXTargetDependency */,
			);
			name = "3G Data Development";
			productName = "3G Data";
			productReference = 32C7FC661B2F0DDC0047F986 /* threeg.app */;
			productType = "com.apple.product-type.application";
		};
		32C99E131AC1B39100409FE8 /* 3G Data */ = {
			isa = PBXNativeTarget;
			buildConfigurationList = 32C99E371AC1B39100409FE8 /* Build configuration list for PBXNativeTarget "3G Data" */;
			buildPhases = (
				32C99E101AC1B39100409FE8 /* Sources */,
				32C99E111AC1B39100409FE8 /* Frameworks */,
				32C99E121AC1B39100409FE8 /* Resources */,
				32D39A8E1B301C95009AEE40 /* Embed App Extensions */,
			);
			buildRules = (
			);
			dependencies = (
				32D39A891B301C95009AEE40 /* PBXTargetDependency */,
			);
			name = "3G Data";
			productName = "3G Data";
			productReference = 32C99E141AC1B39100409FE8 /* 3G Data.app */;
			productType = "com.apple.product-type.application";
		};
		32C99E2C1AC1B39100409FE8 /* 3G DataTests */ = {
			isa = PBXNativeTarget;
			buildConfigurationList = 32C99E3A1AC1B39100409FE8 /* Build configuration list for PBXNativeTarget "3G DataTests" */;
			buildPhases = (
				32C99E291AC1B39100409FE8 /* Sources */,
				32C99E2A1AC1B39100409FE8 /* Frameworks */,
				32C99E2B1AC1B39100409FE8 /* Resources */,
			);
			buildRules = (
			);
			dependencies = (
				32C99E2F1AC1B39100409FE8 /* PBXTargetDependency */,
			);
			name = "3G DataTests";
			productName = "3G DataTests";
			productReference = 32C99E2D1AC1B39100409FE8 /* 3G DataTests.xctest */;
			productType = "com.apple.product-type.bundle.unit-test";
		};
		32D39A7B1B301C95009AEE40 /* Mtel Usage */ = {
			isa = PBXNativeTarget;
			buildConfigurationList = 32D39A8D1B301C95009AEE40 /* Build configuration list for PBXNativeTarget "Mtel Usage" */;
			buildPhases = (
				32D39A781B301C95009AEE40 /* Sources */,
				32D39A791B301C95009AEE40 /* Frameworks */,
				32D39A7A1B301C95009AEE40 /* Resources */,
			);
			buildRules = (
			);
			dependencies = (
			);
			name = "Mtel Usage";
			productName = "Mtel Usage";
			productReference = 32D39A7C1B301C95009AEE40 /* Mtel Usage.appex */;
			productType = "com.apple.product-type.app-extension";
		};
		32D39B001B309529009AEE40 /* Mtel Usage Ad Hoc */ = {
			isa = PBXNativeTarget;
			buildConfigurationList = 32D39B0E1B309529009AEE40 /* Build configuration list for PBXNativeTarget "Mtel Usage Ad Hoc" */;
			buildPhases = (
				32D39AFD1B309529009AEE40 /* Sources */,
				32D39AFE1B309529009AEE40 /* Frameworks */,
				32D39AFF1B309529009AEE40 /* Resources */,
			);
			buildRules = (
			);
			dependencies = (
			);
			name = "Mtel Usage Ad Hoc";
			productName = "Mtel Usage Ad Hoc";
			productReference = 32D39B011B309529009AEE40 /* Mtel Usage Ad Hoc.appex */;
			productType = "com.apple.product-type.app-extension";
		};
/* End PBXNativeTarget section */

/* Begin PBXProject section */
		32C99E0C1AC1B39100409FE8 /* Project object */ = {
			isa = PBXProject;
			attributes = {
				LastUpgradeCheck = 0620;
				ORGANIZATIONNAME = "Dimitar Valentinov Petrov";
				TargetAttributes = {
					32C7FC471B2F0DDB0047F986 = {
						DevelopmentTeam = G9EJL6BXVY;
					};
					32C99E131AC1B39100409FE8 = {
						CreatedOnToolsVersion = 6.2;
					};
					32C99E2C1AC1B39100409FE8 = {
						CreatedOnToolsVersion = 6.2;
						TestTargetID = 32C99E131AC1B39100409FE8;
					};
					32D39A7B1B301C95009AEE40 = {
						CreatedOnToolsVersion = 6.3;
					};
					32D39B001B309529009AEE40 = {
						CreatedOnToolsVersion = 6.3;
						DevelopmentTeam = G9EJL6BXVY;
					};
				};
			};
			buildConfigurationList = 32C99E0F1AC1B39100409FE8 /* Build configuration list for PBXProject "3G Data" */;
			compatibilityVersion = "Xcode 3.2";
			developmentRegion = English;
			hasScannedForEncodings = 0;
			knownRegions = (
				en,
				Base,
			);
			mainGroup = 32C99E0B1AC1B39100409FE8;
			productRefGroup = 32C99E151AC1B39100409FE8 /* Products */;
			projectDirPath = "";
			projectRoot = "";
			targets = (
				32C99E131AC1B39100409FE8 /* 3G Data */,
				32D39A7B1B301C95009AEE40 /* Mtel Usage */,
				32C99E2C1AC1B39100409FE8 /* 3G DataTests */,
				32C7FC471B2F0DDB0047F986 /* 3G Data Development */,
				32D39B001B309529009AEE40 /* Mtel Usage Ad Hoc */,
			);
		};
/* End PBXProject section */

/* Begin PBXResourcesBuildPhase section */
		32C7FC5F1B2F0DDB0047F986 /* Resources */ = {
			isa = PBXResourcesBuildPhase;
			buildActionMask = 2147483647;
			files = (
				32C7FC601B2F0DDB0047F986 /* Main.storyboard in Resources */,
				32C7FC611B2F0DDB0047F986 /* LaunchScreen.xib in Resources */,
				32C7FC621B2F0DDB0047F986 /* Images.xcassets in Resources */,
			);
			runOnlyForDeploymentPostprocessing = 0;
		};
		32C99E121AC1B39100409FE8 /* Resources */ = {
			isa = PBXResourcesBuildPhase;
			buildActionMask = 2147483647;
			files = (
				32C99E231AC1B39100409FE8 /* Main.storyboard in Resources */,
				32C99E281AC1B39100409FE8 /* LaunchScreen.xib in Resources */,
				32C99E251AC1B39100409FE8 /* Images.xcassets in Resources */,
			);
			runOnlyForDeploymentPostprocessing = 0;
		};
		32C99E2B1AC1B39100409FE8 /* Resources */ = {
			isa = PBXResourcesBuildPhase;
			buildActionMask = 2147483647;
			files = (
			);
			runOnlyForDeploymentPostprocessing = 0;
		};
		32D39A7A1B301C95009AEE40 /* Resources */ = {
			isa = PBXResourcesBuildPhase;
			buildActionMask = 2147483647;
			files = (
				32D39A871B301C95009AEE40 /* MainInterface.storyboard in Resources */,
				32D39A8F1B30413B009AEE40 /* Images.xcassets in Resources */,
			);
			runOnlyForDeploymentPostprocessing = 0;
		};
		32D39AFF1B309529009AEE40 /* Resources */ = {
			isa = PBXResourcesBuildPhase;
			buildActionMask = 2147483647;
			files = (
				32D39B111B309691009AEE40 /* Images.xcassets in Resources */,
				32D39B0A1B309529009AEE40 /* MainInterface.storyboard in Resources */,
			);
			runOnlyForDeploymentPostprocessing = 0;
		};
/* End PBXResourcesBuildPhase section */

/* Begin PBXSourcesBuildPhase section */
		32C7FC481B2F0DDB0047F986 /* Sources */ = {
			isa = PBXSourcesBuildPhase;
			buildActionMask = 2147483647;
			files = (
				32C7FC491B2F0DDB0047F986 /* AFHTTPRequestOperation.m in Sources */,
				32C7FC4A1B2F0DDB0047F986 /* UIImageView+AFNetworking.m in Sources */,
				32C7FC4B1B2F0DDB0047F986 /* ViewController.m in Sources */,
				32C7FC4C1B2F0DDB0047F986 /* AFHTTPRequestOperationManager.m in Sources */,
				32C7FC4D1B2F0DDB0047F986 /* UIProgressView+AFNetworking.m in Sources */,
				32C7FC4E1B2F0DDB0047F986 /* AFNetworkReachabilityManager.m in Sources */,
				32C7FC4F1B2F0DDB0047F986 /* AFURLResponseSerialization.m in Sources */,
				32C7FC501B2F0DDB0047F986 /* AFURLConnectionOperation.m in Sources */,
				32C7FC511B2F0DDB0047F986 /* UIButton+AFNetworking.m in Sources */,
				32C7FC521B2F0DDB0047F986 /* UIActivityIndicatorView+AFNetworking.m in Sources */,
				32C7FC531B2F0DDB0047F986 /* AFSecurityPolicy.m in Sources */,
				32C7FC541B2F0DDB0047F986 /* UIRefreshControl+AFNetworking.m in Sources */,
				32C7FC551B2F0DDB0047F986 /* ServerCommunicationUtil.m in Sources */,
				32C7FC561B2F0DDB0047F986 /* UIWebView+AFNetworking.m in Sources */,
				32C7FC571B2F0DDB0047F986 /* AFHTTPSessionManager.m in Sources */,
				32C7FC581B2F0DDB0047F986 /* UIAlertView+AFNetworking.m in Sources */,
				32C7FC591B2F0DDB0047F986 /* AFURLRequestSerialization.m in Sources */,
				32C7FC5A1B2F0DDB0047F986 /* AFNetworkActivityIndicatorManager.m in Sources */,
				32C7FC5B1B2F0DDB0047F986 /* AFURLSessionManager.m in Sources */,
				32C7FC5C1B2F0DDB0047F986 /* AppDelegate.m in Sources */,
				32C7FC5D1B2F0DDB0047F986 /* main.m in Sources */,
			);
			runOnlyForDeploymentPostprocessing = 0;
		};
		32C99E101AC1B39100409FE8 /* Sources */ = {
			isa = PBXSourcesBuildPhase;
			buildActionMask = 2147483647;
			files = (
				32C99E541AC1B56200409FE8 /* AFHTTPRequestOperation.m in Sources */,
				32C99E721AC1B57D00409FE8 /* UIImageView+AFNetworking.m in Sources */,
				32C99E201AC1B39100409FE8 /* ViewController.m in Sources */,
				32C99E551AC1B56200409FE8 /* AFHTTPRequestOperationManager.m in Sources */,
				32C99E731AC1B57D00409FE8 /* UIProgressView+AFNetworking.m in Sources */,
				32C99E571AC1B56200409FE8 /* AFNetworkReachabilityManager.m in Sources */,
				32C99E5B1AC1B56200409FE8 /* AFURLResponseSerialization.m in Sources */,
				32C99E591AC1B56200409FE8 /* AFURLConnectionOperation.m in Sources */,
				32C99E711AC1B57D00409FE8 /* UIButton+AFNetworking.m in Sources */,
				32C99E6F1AC1B57D00409FE8 /* UIActivityIndicatorView+AFNetworking.m in Sources */,
				32C99E581AC1B56200409FE8 /* AFSecurityPolicy.m in Sources */,
				32C99E741AC1B57D00409FE8 /* UIRefreshControl+AFNetworking.m in Sources */,
				326EA0C61AEE2C6800F83AFE /* ServerCommunicationUtil.m in Sources */,
				32C99E751AC1B57D00409FE8 /* UIWebView+AFNetworking.m in Sources */,
				32C99E561AC1B56200409FE8 /* AFHTTPSessionManager.m in Sources */,
				32C99E701AC1B57D00409FE8 /* UIAlertView+AFNetworking.m in Sources */,
				32C99E5A1AC1B56200409FE8 /* AFURLRequestSerialization.m in Sources */,
				32C99E6E1AC1B57D00409FE8 /* AFNetworkActivityIndicatorManager.m in Sources */,
				32C99E5C1AC1B56200409FE8 /* AFURLSessionManager.m in Sources */,
				32C99E1D1AC1B39100409FE8 /* AppDelegate.m in Sources */,
				32C99E1A1AC1B39100409FE8 /* main.m in Sources */,
			);
			runOnlyForDeploymentPostprocessing = 0;
		};
		32C99E291AC1B39100409FE8 /* Sources */ = {
			isa = PBXSourcesBuildPhase;
			buildActionMask = 2147483647;
			files = (
				32C99E341AC1B39100409FE8 /* _G_DataTests.m in Sources */,
			);
			runOnlyForDeploymentPostprocessing = 0;
		};
		32D39A781B301C95009AEE40 /* Sources */ = {
			isa = PBXSourcesBuildPhase;
			buildActionMask = 2147483647;
			files = (
				32D39AB11B304C41009AEE40 /* UIProgressView+AFNetworking.m in Sources */,
				32D39AA81B304C35009AEE40 /* AFURLConnectionOperation.m in Sources */,
				32D39AB31B304C41009AEE40 /* UIWebView+AFNetworking.m in Sources */,
				32D39AB01B304C41009AEE40 /* UIImageView+AFNetworking.m in Sources */,
				32D39AAA1B304C35009AEE40 /* AFURLResponseSerialization.m in Sources */,
				32D39AAF1B304C41009AEE40 /* UIButton+AFNetworking.m in Sources */,
				32D39AAE1B304C41009AEE40 /* UIAlertView+AFNetworking.m in Sources */,
				32D39AA31B304C35009AEE40 /* AFHTTPRequestOperation.m in Sources */,
				32D39AB21B304C41009AEE40 /* UIRefreshControl+AFNetworking.m in Sources */,
				32D39A851B301C95009AEE40 /* TodayViewController.m in Sources */,
				32D39AAC1B304C41009AEE40 /* AFNetworkActivityIndicatorManager.m in Sources */,
				32D39AB41B305005009AEE40 /* ServerCommunicationUtil.m in Sources */,
				32D39AA61B304C35009AEE40 /* AFNetworkReachabilityManager.m in Sources */,
				32D39AAD1B304C41009AEE40 /* UIActivityIndicatorView+AFNetworking.m in Sources */,
				32D39AAB1B304C35009AEE40 /* AFURLSessionManager.m in Sources */,
				32D39AA41B304C35009AEE40 /* AFHTTPRequestOperationManager.m in Sources */,
				32D39AA71B304C35009AEE40 /* AFSecurityPolicy.m in Sources */,
				32D39AA51B304C35009AEE40 /* AFHTTPSessionManager.m in Sources */,
				32D39AA91B304C35009AEE40 /* AFURLRequestSerialization.m in Sources */,
			);
			runOnlyForDeploymentPostprocessing = 0;
		};
		32D39AFD1B309529009AEE40 /* Sources */ = {
			isa = PBXSourcesBuildPhase;
			buildActionMask = 2147483647;
			files = (
				32D39B191B3096B7009AEE40 /* AFURLRequestSerialization.m in Sources */,
				32D39B181B3096B7009AEE40 /* AFURLConnectionOperation.m in Sources */,
				32D39B1E1B3096C1009AEE40 /* UIAlertView+AFNetworking.m in Sources */,
				32D39B171B3096B7009AEE40 /* AFSecurityPolicy.m in Sources */,
				32D39B131B3096B7009AEE40 /* AFHTTPRequestOperation.m in Sources */,
				32D39B1B1B3096B7009AEE40 /* AFURLSessionManager.m in Sources */,
				32D39B1A1B3096B7009AEE40 /* AFURLResponseSerialization.m in Sources */,
				32D39B081B309529009AEE40 /* TodayViewController.m in Sources */,
				32D39B211B3096C1009AEE40 /* UIProgressView+AFNetworking.m in Sources */,
				32D39B151B3096B7009AEE40 /* AFHTTPSessionManager.m in Sources */,
				32D39B1C1B3096C1009AEE40 /* AFNetworkActivityIndicatorManager.m in Sources */,
				32D39B141B3096B7009AEE40 /* AFHTTPRequestOperationManager.m in Sources */,
				32D39B201B3096C1009AEE40 /* UIImageView+AFNetworking.m in Sources */,
				32D39B1F1B3096C1009AEE40 /* UIButton+AFNetworking.m in Sources */,
				32D39B221B3096C1009AEE40 /* UIRefreshControl+AFNetworking.m in Sources */,
				32D39B231B3096C1009AEE40 /* UIWebView+AFNetworking.m in Sources */,
				32D39B161B3096B7009AEE40 /* AFNetworkReachabilityManager.m in Sources */,
				32D39B121B3096A6009AEE40 /* ServerCommunicationUtil.m in Sources */,
				32D39B1D1B3096C1009AEE40 /* UIActivityIndicatorView+AFNetworking.m in Sources */,
			);
			runOnlyForDeploymentPostprocessing = 0;
		};
/* End PBXSourcesBuildPhase section */

/* Begin PBXTargetDependency section */
		32C99E2F1AC1B39100409FE8 /* PBXTargetDependency */ = {
			isa = PBXTargetDependency;
			target = 32C99E131AC1B39100409FE8 /* 3G Data */;
			targetProxy = 32C99E2E1AC1B39100409FE8 /* PBXContainerItemProxy */;
		};
		32D39A891B301C95009AEE40 /* PBXTargetDependency */ = {
			isa = PBXTargetDependency;
			target = 32D39A7B1B301C95009AEE40 /* Mtel Usage */;
			targetProxy = 32D39A881B301C95009AEE40 /* PBXContainerItemProxy */;
		};
		32D39B0C1B309529009AEE40 /* PBXTargetDependency */ = {
			isa = PBXTargetDependency;
			target = 32D39B001B309529009AEE40 /* Mtel Usage Ad Hoc */;
			targetProxy = 32D39B0B1B309529009AEE40 /* PBXContainerItemProxy */;
		};
/* End PBXTargetDependency section */

/* Begin PBXVariantGroup section */
		32C99E211AC1B39100409FE8 /* Main.storyboard */ = {
			isa = PBXVariantGroup;
			children = (
				32C99E221AC1B39100409FE8 /* Base */,
			);
			name = Main.storyboard;
			sourceTree = "<group>";
		};
		32C99E261AC1B39100409FE8 /* LaunchScreen.xib */ = {
			isa = PBXVariantGroup;
			children = (
				32C99E271AC1B39100409FE8 /* Base */,
			);
			name = LaunchScreen.xib;
			sourceTree = "<group>";
		};
/* End PBXVariantGroup section */

/* Begin XCBuildConfiguration section */
		32C7FC641B2F0DDB0047F986 /* Debug */ = {
			isa = XCBuildConfiguration;
			buildSettings = {
				ASSETCATALOG_COMPILER_APPICON_NAME = AppIcon;
				CODE_SIGN_IDENTITY = "iPhone Distribution: PROXIAD ILE DE FRANCE (G9EJL6BXVY)";
				GCC_PREFIX_HEADER = "3G Data/ThreeGData-Prefix.pch";
				INFOPLIST_FILE = "3G Data copy-Info.plist";
				LD_RUNPATH_SEARCH_PATHS = "$(inherited) @executable_path/Frameworks";
				PRODUCT_NAME = threeg;
				PROVISIONING_PROFILE = "75d023cd-0ecd-4df0-92f1-036e95cbf68e";
				TARGETED_DEVICE_FAMILY = "1,2";
			};
			name = Debug;
		};
		32C7FC651B2F0DDB0047F986 /* Release */ = {
			isa = XCBuildConfiguration;
			buildSettings = {
				ASSETCATALOG_COMPILER_APPICON_NAME = AppIcon;
				CODE_SIGN_IDENTITY = "iPhone Distribution: PROXIAD ILE DE FRANCE (G9EJL6BXVY)";
				"CODE_SIGN_IDENTITY[sdk=iphoneos*]" = "iPhone Distribution: PROXIAD ILE DE FRANCE (G9EJL6BXVY)";
				GCC_PREFIX_HEADER = "3G Data/ThreeGData-Prefix.pch";
				INFOPLIST_FILE = "3G Data copy-Info.plist";
				LD_RUNPATH_SEARCH_PATHS = "$(inherited) @executable_path/Frameworks";
				PRODUCT_NAME = threeg;
				PROVISIONING_PROFILE = "75d023cd-0ecd-4df0-92f1-036e95cbf68e";
				TARGETED_DEVICE_FAMILY = "1,2";
			};
			name = Release;
		};
		32C99E351AC1B39100409FE8 /* Debug */ = {
			isa = XCBuildConfiguration;
			buildSettings = {
				ALWAYS_SEARCH_USER_PATHS = NO;
				CLANG_CXX_LANGUAGE_STANDARD = "gnu++0x";
				CLANG_CXX_LIBRARY = "libc++";
				CLANG_ENABLE_MODULES = YES;
				CLANG_ENABLE_OBJC_ARC = YES;
				CLANG_WARN_BOOL_CONVERSION = YES;
				CLANG_WARN_CONSTANT_CONVERSION = YES;
				CLANG_WARN_DIRECT_OBJC_ISA_USAGE = YES_ERROR;
				CLANG_WARN_EMPTY_BODY = YES;
				CLANG_WARN_ENUM_CONVERSION = YES;
				CLANG_WARN_INT_CONVERSION = YES;
				CLANG_WARN_OBJC_ROOT_CLASS = YES_ERROR;
				CLANG_WARN_UNREACHABLE_CODE = YES;
				CLANG_WARN__DUPLICATE_METHOD_MATCH = YES;
				"CODE_SIGN_IDENTITY[sdk=iphoneos*]" = "iPhone Developer";
				COPY_PHASE_STRIP = NO;
				ENABLE_STRICT_OBJC_MSGSEND = YES;
				GCC_C_LANGUAGE_STANDARD = gnu99;
				GCC_DYNAMIC_NO_PIC = NO;
				GCC_OPTIMIZATION_LEVEL = 0;
				GCC_PREPROCESSOR_DEFINITIONS = (
					"DEBUG=1",
					"$(inherited)",
				);
				GCC_SYMBOLS_PRIVATE_EXTERN = NO;
				GCC_WARN_64_TO_32_BIT_CONVERSION = YES;
				GCC_WARN_ABOUT_RETURN_TYPE = YES_ERROR;
				GCC_WARN_UNDECLARED_SELECTOR = YES;
				GCC_WARN_UNINITIALIZED_AUTOS = YES_AGGRESSIVE;
				GCC_WARN_UNUSED_FUNCTION = YES;
				GCC_WARN_UNUSED_VARIABLE = YES;
				IPHONEOS_DEPLOYMENT_TARGET = 8.2;
				MTL_ENABLE_DEBUG_INFO = YES;
				ONLY_ACTIVE_ARCH = YES;
				PROVISIONING_PROFILE = "75d023cd-0ecd-4df0-92f1-036e95cbf68e";
				SDKROOT = iphoneos;
				TARGETED_DEVICE_FAMILY = "1,2";
			};
			name = Debug;
		};
		32C99E361AC1B39100409FE8 /* Release */ = {
			isa = XCBuildConfiguration;
			buildSettings = {
				ALWAYS_SEARCH_USER_PATHS = NO;
				CLANG_CXX_LANGUAGE_STANDARD = "gnu++0x";
				CLANG_CXX_LIBRARY = "libc++";
				CLANG_ENABLE_MODULES = YES;
				CLANG_ENABLE_OBJC_ARC = YES;
				CLANG_WARN_BOOL_CONVERSION = YES;
				CLANG_WARN_CONSTANT_CONVERSION = YES;
				CLANG_WARN_DIRECT_OBJC_ISA_USAGE = YES_ERROR;
				CLANG_WARN_EMPTY_BODY = YES;
				CLANG_WARN_ENUM_CONVERSION = YES;
				CLANG_WARN_INT_CONVERSION = YES;
				CLANG_WARN_OBJC_ROOT_CLASS = YES_ERROR;
				CLANG_WARN_UNREACHABLE_CODE = YES;
				CLANG_WARN__DUPLICATE_METHOD_MATCH = YES;
				"CODE_SIGN_IDENTITY[sdk=iphoneos*]" = "iPhone Developer";
				COPY_PHASE_STRIP = NO;
				ENABLE_NS_ASSERTIONS = NO;
				ENABLE_STRICT_OBJC_MSGSEND = YES;
				GCC_C_LANGUAGE_STANDARD = gnu99;
				GCC_WARN_64_TO_32_BIT_CONVERSION = YES;
				GCC_WARN_ABOUT_RETURN_TYPE = YES_ERROR;
				GCC_WARN_UNDECLARED_SELECTOR = YES;
				GCC_WARN_UNINITIALIZED_AUTOS = YES_AGGRESSIVE;
				GCC_WARN_UNUSED_FUNCTION = YES;
				GCC_WARN_UNUSED_VARIABLE = YES;
				IPHONEOS_DEPLOYMENT_TARGET = 8.2;
				MTL_ENABLE_DEBUG_INFO = NO;
				PROVISIONING_PROFILE = "75d023cd-0ecd-4df0-92f1-036e95cbf68e";
				SDKROOT = iphoneos;
				TARGETED_DEVICE_FAMILY = "1,2";
				VALIDATE_PRODUCT = YES;
			};
			name = Release;
		};
		32C99E381AC1B39100409FE8 /* Debug */ = {
			isa = XCBuildConfiguration;
			buildSettings = {
				ASSETCATALOG_COMPILER_APPICON_NAME = AppIcon;
				CODE_SIGN_IDENTITY = "iPhone Developer";
				GCC_PREFIX_HEADER = "3G Data/ThreeGData-Prefix.pch";
				INFOPLIST_FILE = "3G Data/Info.plist";
				LD_RUNPATH_SEARCH_PATHS = "$(inherited) @executable_path/Frameworks";
				PRODUCT_NAME = "$(TARGET_NAME)";
				PROVISIONING_PROFILE = "8ccd7c8d-e4b2-489a-8bac-1103348b8053";
				TARGETED_DEVICE_FAMILY = "1,2";
			};
			name = Debug;
		};
		32C99E391AC1B39100409FE8 /* Release */ = {
			isa = XCBuildConfiguration;
			buildSettings = {
				ASSETCATALOG_COMPILER_APPICON_NAME = AppIcon;
				CODE_SIGN_IDENTITY = "iPhone Developer";
				GCC_PREFIX_HEADER = "3G Data/ThreeGData-Prefix.pch";
				INFOPLIST_FILE = "3G Data/Info.plist";
				LD_RUNPATH_SEARCH_PATHS = "$(inherited) @executable_path/Frameworks";
				PRODUCT_NAME = "$(TARGET_NAME)";
				PROVISIONING_PROFILE = "8ccd7c8d-e4b2-489a-8bac-1103348b8053";
				TARGETED_DEVICE_FAMILY = "1,2";
			};
			name = Release;
		};
		32C99E3B1AC1B39100409FE8 /* Debug */ = {
			isa = XCBuildConfiguration;
			buildSettings = {
				BUNDLE_LOADER = "$(TEST_HOST)";
				CODE_SIGN_IDENTITY = "iPhone Developer: Mark Rogers (UNC3CK6849)";
				FRAMEWORK_SEARCH_PATHS = (
					"$(SDKROOT)/Developer/Library/Frameworks",
					"$(inherited)",
				);
				GCC_PREPROCESSOR_DEFINITIONS = (
					"DEBUG=1",
					"$(inherited)",
				);
				INFOPLIST_FILE = "3G DataTests/Info.plist";
				LD_RUNPATH_SEARCH_PATHS = "$(inherited) @executable_path/Frameworks @loader_path/Frameworks";
				PRODUCT_NAME = "$(TARGET_NAME)";
				PROVISIONING_PROFILE = "8ccd7c8d-e4b2-489a-8bac-1103348b8053";
				TEST_HOST = "$(BUILT_PRODUCTS_DIR)/3G Data.app/3G Data";
			};
			name = Debug;
		};
		32C99E3C1AC1B39100409FE8 /* Release */ = {
			isa = XCBuildConfiguration;
			buildSettings = {
				BUNDLE_LOADER = "$(TEST_HOST)";
				CODE_SIGN_IDENTITY = "iPhone Developer: Mark Rogers (UNC3CK6849)";
				FRAMEWORK_SEARCH_PATHS = (
					"$(SDKROOT)/Developer/Library/Frameworks",
					"$(inherited)",
				);
				INFOPLIST_FILE = "3G DataTests/Info.plist";
				LD_RUNPATH_SEARCH_PATHS = "$(inherited) @executable_path/Frameworks @loader_path/Frameworks";
				PRODUCT_NAME = "$(TARGET_NAME)";
				PROVISIONING_PROFILE = "8ccd7c8d-e4b2-489a-8bac-1103348b8053";
				TEST_HOST = "$(BUILT_PRODUCTS_DIR)/3G Data.app/3G Data";
			};
			name = Release;
		};
		32D39A8B1B301C95009AEE40 /* Debug */ = {
			isa = XCBuildConfiguration;
			buildSettings = {
				ASSETCATALOG_COMPILER_APPICON_NAME = "AppIcon-Widget";
				ASSETCATALOG_COMPILER_LAUNCHIMAGE_NAME = LaunchImage;
				CODE_SIGN_IDENTITY = "iPhone Developer";
				DEBUG_INFORMATION_FORMAT = "dwarf-with-dsym";
				GCC_NO_COMMON_BLOCKS = YES;
				GCC_PREFIX_HEADER = "Mtel Usage/MtelUsage-Prefix.pch";
				GCC_PREPROCESSOR_DEFINITIONS = (
					"DEBUG=1",
					"$(inherited)",
				);
				INFOPLIST_FILE = "Mtel Usage/Info.plist";
				IPHONEOS_DEPLOYMENT_TARGET = 8.3;
				LD_RUNPATH_SEARCH_PATHS = "$(inherited) @executable_path/Frameworks @executable_path/../../Frameworks";
				PRODUCT_NAME = "$(TARGET_NAME)";
				PROVISIONING_PROFILE = "8ccd7c8d-e4b2-489a-8bac-1103348b8053";
				SKIP_INSTALL = YES;
			};
			name = Debug;
		};
		32D39A8C1B301C95009AEE40 /* Release */ = {
			isa = XCBuildConfiguration;
			buildSettings = {
				ASSETCATALOG_COMPILER_APPICON_NAME = "AppIcon-Widget";
				ASSETCATALOG_COMPILER_LAUNCHIMAGE_NAME = LaunchImage;
				CODE_SIGN_IDENTITY = "iPhone Developer";
				DEBUG_INFORMATION_FORMAT = "dwarf-with-dsym";
				GCC_NO_COMMON_BLOCKS = YES;
				GCC_PREFIX_HEADER = "Mtel Usage/MtelUsage-Prefix.pch";
				GCC_PREPROCESSOR_DEFINITIONS = "";
				INFOPLIST_FILE = "Mtel Usage/Info.plist";
				IPHONEOS_DEPLOYMENT_TARGET = 8.3;
				LD_RUNPATH_SEARCH_PATHS = "$(inherited) @executable_path/Frameworks @executable_path/../../Frameworks";
				PRODUCT_NAME = "$(TARGET_NAME)";
				PROVISIONING_PROFILE = "8ccd7c8d-e4b2-489a-8bac-1103348b8053";
				SKIP_INSTALL = YES;
			};
			name = Release;
		};
		32D39B0F1B309529009AEE40 /* Debug */ = {
			isa = XCBuildConfiguration;
			buildSettings = {
				ASSETCATALOG_COMPILER_APPICON_NAME = "AppIcon-Widget";
				ASSETCATALOG_COMPILER_LAUNCHIMAGE_NAME = "LaunchImage-2";
				CODE_SIGN_IDENTITY = "iPhone Distribution: PROXIAD ILE DE FRANCE (G9EJL6BXVY)";
				DEBUG_INFORMATION_FORMAT = "dwarf-with-dsym";
				GCC_NO_COMMON_BLOCKS = YES;
				GCC_PREFIX_HEADER = "Mtel Usage/MtelUsage-Prefix.pch";
				GCC_PREPROCESSOR_DEFINITIONS = (
					"DEBUG=1",
					"$(inherited)",
				);
				INFOPLIST_FILE = "Mtel Usage Ad Hoc/Info.plist";
				IPHONEOS_DEPLOYMENT_TARGET = 8.3;
				LD_RUNPATH_SEARCH_PATHS = "$(inherited) @executable_path/Frameworks @executable_path/../../Frameworks";
				PRODUCT_NAME = "$(TARGET_NAME)";
				PROVISIONING_PROFILE = "abcb34ac-c769-4992-9243-f15efeee5564";
				SKIP_INSTALL = YES;
			};
			name = Debug;
		};
		32D39B101B309529009AEE40 /* Release */ = {
			isa = XCBuildConfiguration;
			buildSettings = {
				ASSETCATALOG_COMPILER_APPICON_NAME = "AppIcon-Widget";
				ASSETCATALOG_COMPILER_LAUNCHIMAGE_NAME = "LaunchImage-2";
				CODE_SIGN_IDENTITY = "iPhone Distribution: PROXIAD ILE DE FRANCE (G9EJL6BXVY)";
				"CODE_SIGN_IDENTITY[sdk=iphoneos*]" = "iPhone Distribution: PROXIAD ILE DE FRANCE (G9EJL6BXVY)";
				DEBUG_INFORMATION_FORMAT = "dwarf-with-dsym";
				GCC_NO_COMMON_BLOCKS = YES;
				GCC_PREFIX_HEADER = "Mtel Usage/MtelUsage-Prefix.pch";
				INFOPLIST_FILE = "Mtel Usage Ad Hoc/Info.plist";
				IPHONEOS_DEPLOYMENT_TARGET = 8.3;
				LD_RUNPATH_SEARCH_PATHS = "$(inherited) @executable_path/Frameworks @executable_path/../../Frameworks";
				PRODUCT_NAME = "$(TARGET_NAME)";
				PROVISIONING_PROFILE = "abcb34ac-c769-4992-9243-f15efeee5564";
				SKIP_INSTALL = YES;
			};
			name = Release;
		};
/* End XCBuildConfiguration section */

/* Begin XCConfigurationList section */
		32C7FC631B2F0DDB0047F986 /* Build configuration list for PBXNativeTarget "3G Data Development" */ = {
			isa = XCConfigurationList;
			buildConfigurations = (
				32C7FC641B2F0DDB0047F986 /* Debug */,
				32C7FC651B2F0DDB0047F986 /* Release */,
			);
			defaultConfigurationIsVisible = 0;
			defaultConfigurationName = Release;
		};
		32C99E0F1AC1B39100409FE8 /* Build configuration list for PBXProject "3G Data" */ = {
			isa = XCConfigurationList;
			buildConfigurations = (
				32C99E351AC1B39100409FE8 /* Debug */,
				32C99E361AC1B39100409FE8 /* Release */,
			);
			defaultConfigurationIsVisible = 0;
			defaultConfigurationName = Release;
		};
		32C99E371AC1B39100409FE8 /* Build configuration list for PBXNativeTarget "3G Data" */ = {
			isa = XCConfigurationList;
			buildConfigurations = (
				32C99E381AC1B39100409FE8 /* Debug */,
				32C99E391AC1B39100409FE8 /* Release */,
			);
			defaultConfigurationIsVisible = 0;
			defaultConfigurationName = Release;
		};
		32C99E3A1AC1B39100409FE8 /* Build configuration list for PBXNativeTarget "3G DataTests" */ = {
			isa = XCConfigurationList;
			buildConfigurations = (
				32C99E3B1AC1B39100409FE8 /* Debug */,
				32C99E3C1AC1B39100409FE8 /* Release */,
			);
			defaultConfigurationIsVisible = 0;
			defaultConfigurationName = Release;
		};
		32D39A8D1B301C95009AEE40 /* Build configuration list for PBXNativeTarget "Mtel Usage" */ = {
			isa = XCConfigurationList;
			buildConfigurations = (
				32D39A8B1B301C95009AEE40 /* Debug */,
				32D39A8C1B301C95009AEE40 /* Release */,
			);
			defaultConfigurationIsVisible = 0;
			defaultConfigurationName = Release;
		};
		32D39B0E1B309529009AEE40 /* Build configuration list for PBXNativeTarget "Mtel Usage Ad Hoc" */ = {
			isa = XCConfigurationList;
			buildConfigurations = (
				32D39B0F1B309529009AEE40 /* Debug */,
				32D39B101B309529009AEE40 /* Release */,
			);
			defaultConfigurationIsVisible = 0;
			defaultConfigurationName = Release;
		};
/* End XCConfigurationList section */
	};
	rootObject = 32C99E0C1AC1B39100409FE8 /* Project object */;
}
